
Microsoft Visual Studio Solution File, Format Version 12.00
# Visual Studio Version 17
VisualStudioVersion = 17.6.33815.320
MinimumVisualStudioVersion = 10.0.40219.1
Project("{FAE04EC0-301F-11D3-BF4B-00C04F79EFBC}") = "Conappswitch", "Conappswitch\Conappswitch.csproj", "{5F562FC4-F223-4280-9FAF-4F523FC97B80}"
EndProject
Global
	GlobalSection(SolutionConfigurationPlatforms) = preSolution
		Debug|Any CPU = Debug|Any CPU
		Release|Any CPU = Release|Any CPU
	EndGlobalSection
	GlobalSection(ProjectConfigurationPlatforms) = postSolution
		{5F562FC4-F223-4280-9FAF-4F523FC97B80}.Debug|Any CPU.ActiveCfg = Debug|Any CPU
		{5F562FC4-F223-4280-9FAF-4F523FC97B80}.Debug|Any CPU.Build.0 = Debug|Any CPU
		{5F562FC4-F223-4280-9FAF-4F523FC97B80}.Release|Any CPU.ActiveCfg = Release|Any CPU
		{5F562FC4-F223-4280-9FAF-4F523FC97B80}.Release|Any CPU.Build.0 = Release|Any CPU
	EndGlobalSection
	GlobalSection(SolutionProperties) = preSolution
		HideSolutionNode = FALSE
	EndGlobalSection
	GlobalSection(ExtensibilityGlobals) = postSolution
		SolutionGuid = {66F464F8-6BBE-446A-B9CA-C5F49DB7F430}
	EndGlobalSection
EndGlobal
